# This file is automatically generated by Poetry 1.8.0 and should be committed to version control.

[[package]]
name = "iniconfig"
version = "2.0.0"
description = "brain-dead simple config-ini parsing"
optional = false
python-versions = ">=3.7"
files = [
    {file = "iniconfig-2.0.0-py3-none-any.whl", hash = "sha256:b6a85871a79d2e3b69bbd77733072b4b8602499ab2a6475b1c0d56582e9280ab"},
    {file = "iniconfig-2.0.0.tar.gz", hash = "sha256:2d912eee3e504057e4d8161e3b07629099c3f15061376b9264c5d107331589d2"},
]

[[package]]
name = "packaging"
version = "24.0"
description = "Core utilities for Python packages"
optional = false
python-versions = ">=3.8"
files = [
    {file = "packaging-24.0-py3-none-any.whl", hash = "sha256:2ddfb5568c300d233e8a81e286e62f55ec10ed148d9d1b660967b69075eec8da"},
    {file = "packaging-24.0.tar.gz", hash = "sha256:eb82c5e3e5620cb53457f616867704157384e4c26eb656920b4c4dce30e9b22a"},
]

[[package]]
name = "pluggy"
version = "1.4.0"
description = "plugin and hook calling mechanisms for python"
optional = false
python-versions = ">=3.8"
files = [
    {file = "pluggy-1.4.0-py3-none-any.whl", hash = "sha256:7db9f7b024d9904791a82e9603099c56f8f533be54972e25f8229b4346949b28"},
    {file = "pluggy-1.4.0.tar.gz", hash = "sha256:8c85c18151f887ee2877546419515570220c78a05423f05567b49463b2ad71e8"},
]

[[package]]
name = "pytest"
version = "8.1.1"
description = "pytest: simple powerful testing with Python"
optional = false
python-versions = ">=3.8"
files = [
    {file = "pytest-8.1.1-py3-none-any.whl", hash = "sha256:220f836541f5370d979603ad56779a96e5797f26d2e67df4d6f4d306b3a04a6e"},
    {file = "pytest-8.1.1.tar.gz", hash = "sha256:49f291079d201c1074e69b01be68e6cb0f4553229b139046c8e3170e70a3cb93"},
]

[package.dependencies]
iniconfig = "*"
packaging = "*"
pluggy = ">=1.4.0,<2.0"

[metadata]
lock-version = "2.0"
python-versions = "^3.10"
content-hash = "c18d9f4e2439a03975003c27da1d68379baea72886f44f509e5ee59e2119cf29"
